
Microsoft Visual Studio Solution File, Format Version 12.00
# Visual Studio Version 17
VisualStudioVersion = 17.13.35931.197 d17.13
MinimumVisualStudioVersion = 10.0.40219.1
Project("{FAE04EC0-301F-11D3-BF4B-00C04F79EFBC}") = "Helloworld", "Helloworld\Helloworld.csproj", "{C053F196-1C03-4732-B19E-549D5B38D95A}"
EndProject
Global
	GlobalSection(SolutionConfigurationPlatforms) = preSolution
		Debug|Any CPU = Debug|Any CPU
		Release|Any CPU = Release|Any CPU
	EndGlobalSection
	GlobalSection(ProjectConfigurationPlatforms) = postSolution
		{C053F196-1C03-4732-B19E-549D5B38D95A}.Debug|Any CPU.ActiveCfg = Debug|Any CPU
		{C053F196-1C03-4732-B19E-549D5B38D95A}.Debug|Any CPU.Build.0 = Debug|Any CPU
		{C053F196-1C03-4732-B19E-549D5B38D95A}.Release|Any CPU.ActiveCfg = Release|Any CPU
		{C053F196-1C03-4732-B19E-549D5B38D95A}.Release|Any CPU.Build.0 = Release|Any CPU
	EndGlobalSection
	GlobalSection(SolutionProperties) = preSolution
		HideSolutionNode = FALSE
	EndGlobalSection
	GlobalSection(ExtensibilityGlobals) = postSolution
		SolutionGuid = {0B970F62-FCCC-4A12-8156-227DF4ECD0D6}
	EndGlobalSection
EndGlobal
